
Microsoft Visual Studio Solution File, Format Version 12.00
# Visual Studio Version 17
VisualStudioVersion = 17.6.33723.286
MinimumVisualStudioVersion = 10.0.40219.1
Project("{FAE04EC0-301F-11D3-BF4B-00C04F79EFBC}") = "Free Gamma", "Free Gamma.csproj", "{020BAA6E-7E61-4EA9-AD21-4804C896BCA6}"
EndProject
Global
	GlobalSection(SolutionConfigurationPlatforms) = preSolution
		Debug|Any CPU = Debug|Any CPU
		Release|Any CPU = Release|Any CPU
	EndGlobalSection
	GlobalSection(ProjectConfigurationPlatforms) = postSolution
		{020BAA6E-7E61-4EA9-AD21-4804C896BCA6}.Debug|Any CPU.ActiveCfg = Debug|Any CPU
		{020BAA6E-7E61-4EA9-AD21-4804C896BCA6}.Debug|Any CPU.Build.0 = Debug|Any CPU
		{020BAA6E-7E61-4EA9-AD21-4804C896BCA6}.Release|Any CPU.ActiveCfg = Release|Any CPU
		{020BAA6E-7E61-4EA9-AD21-4804C896BCA6}.Release|Any CPU.Build.0 = Release|Any CPU
	EndGlobalSection
	GlobalSection(SolutionProperties) = preSolution
		HideSolutionNode = FALSE
	EndGlobalSection
	GlobalSection(ExtensibilityGlobals) = postSolution
		SolutionGuid = {7576FCA6-578D-4D3F-8A25-567CD5F7F6F2}
	EndGlobalSection
EndGlobal
